
Microsoft Visual Studio Solution File, Format Version 12.00
# Visual Studio 15
VisualStudioVersion = 15.0.28010.2048
MinimumVisualStudioVersion = 10.0.40219.1
Project("{E24C65DC-7377-472B-9ABA-BC803B73C61A}") = "OutdoorSite", "OutdoorSite\", "{81584493-7FA0-463B-8589-261C3B9EF192}"
	ProjectSection(WebsiteProperties) = preProject
		TargetFrameworkMoniker = ".NETFramework,Version%3Dv4.6.1"
		Debug.AspNetCompiler.VirtualPath = "/localhost_57322"
		Debug.AspNetCompiler.PhysicalPath = "OutdoorSite\"
		Debug.AspNetCompiler.TargetPath = "PrecompiledWeb\localhost_57322\"
		Debug.AspNetCompiler.Updateable = "true"
		Debug.AspNetCompiler.ForceOverwrite = "true"
		Debug.AspNetCompiler.FixedNames = "false"
		Debug.AspNetCompiler.Debug = "True"
		Release.AspNetCompiler.VirtualPath = "/localhost_57322"
		Release.AspNetCompiler.PhysicalPath = "OutdoorSite\"
		Release.AspNetCompiler.TargetPath = "PrecompiledWeb\localhost_57322\"
		Release.AspNetCompiler.Updateable = "true"
		Release.AspNetCompiler.ForceOverwrite = "true"
		Release.AspNetCompiler.FixedNames = "false"
		Release.AspNetCompiler.Debug = "False"
		VWDPort = "57322"
		SlnRelativePath = "OutdoorSite\"
		DefaultWebSiteLanguage = "Visual C#"
	EndProjectSection
EndProject
Global
	GlobalSection(SolutionConfigurationPlatforms) = preSolution
		Debug|Any CPU = Debug|Any CPU
	EndGlobalSection
	GlobalSection(ProjectConfigurationPlatforms) = postSolution
		{81584493-7FA0-463B-8589-261C3B9EF192}.Debug|Any CPU.ActiveCfg = Debug|Any CPU
		{81584493-7FA0-463B-8589-261C3B9EF192}.Debug|Any CPU.Build.0 = Debug|Any CPU
	EndGlobalSection
	GlobalSection(SolutionProperties) = preSolution
		HideSolutionNode = FALSE
	EndGlobalSection
	GlobalSection(ExtensibilityGlobals) = postSolution
		SolutionGuid = {2BE53A4A-AF4A-4C2D-A4AC-B9371A9E4625}
	EndGlobalSection
EndGlobal
